
Microsoft Visual Studio Solution File, Format Version 12.00
# Visual Studio Version 17
VisualStudioVersion = 17.3.32825.248
MinimumVisualStudioVersion = 10.0.40219.1
Project("{8BC9CEB8-8B4A-11D0-8D11-00A0C91BC942}") = "ConsoleApplication1", "ConsoleApplication1\ConsoleApplication1.vcxproj", "{0BCC3299-E2A0-4799-9243-826FEC72CCE7}"
EndProject
Global
	GlobalSection(SolutionConfigurationPlatforms) = preSolution
		Debug|x64 = Debug|x64
		Debug|x86 = Debug|x86
		Release|x64 = Release|x64
		Release|x86 = Release|x86
	EndGlobalSection
	GlobalSection(ProjectConfigurationPlatforms) = postSolution
		{0BCC3299-E2A0-4799-9243-826FEC72CCE7}.Debug|x64.ActiveCfg = Debug|x64
		{0BCC3299-E2A0-4799-9243-826FEC72CCE7}.Debug|x64.Build.0 = Debug|x64
		{0BCC3299-E2A0-4799-9243-826FEC72CCE7}.Debug|x86.ActiveCfg = Debug|Win32
		{0BCC3299-E2A0-4799-9243-826FEC72CCE7}.Debug|x86.Build.0 = Debug|Win32
		{0BCC3299-E2A0-4799-9243-826FEC72CCE7}.Release|x64.ActiveCfg = Release|x64
		{0BCC3299-E2A0-4799-9243-826FEC72CCE7}.Release|x64.Build.0 = Release|x64
		{0BCC3299-E2A0-4799-9243-826FEC72CCE7}.Release|x86.ActiveCfg = Release|Win32
		{0BCC3299-E2A0-4799-9243-826FEC72CCE7}.Release|x86.Build.0 = Release|Win32
	EndGlobalSection
	GlobalSection(SolutionProperties) = preSolution
		HideSolutionNode = FALSE
	EndGlobalSection
	GlobalSection(ExtensibilityGlobals) = postSolution
		SolutionGuid = {A2AFB5BA-D598-4379-8B78-D321DEDB50F2}
	EndGlobalSection
EndGlobal
